
Microsoft Visual Studio Solution File, Format Version 12.00
# Visual Studio Version 17
VisualStudioVersion = 17.5.002.0
MinimumVisualStudioVersion = 10.0.40219.1
Project("{9A19103F-16F7-4668-BE54-9A1E7A4F7556}") = "Almacen", "Almacen.csproj", "{FA0EB574-A4A8-45A7-84B0-1A92B01BD136}"
EndProject
Global
	GlobalSection(SolutionConfigurationPlatforms) = preSolution
		Debug|Any CPU = Debug|Any CPU
		Release|Any CPU = Release|Any CPU
	EndGlobalSection
	GlobalSection(ProjectConfigurationPlatforms) = postSolution
		{FA0EB574-A4A8-45A7-84B0-1A92B01BD136}.Debug|Any CPU.ActiveCfg = Debug|Any CPU
		{FA0EB574-A4A8-45A7-84B0-1A92B01BD136}.Debug|Any CPU.Build.0 = Debug|Any CPU
		{FA0EB574-A4A8-45A7-84B0-1A92B01BD136}.Release|Any CPU.ActiveCfg = Release|Any CPU
		{FA0EB574-A4A8-45A7-84B0-1A92B01BD136}.Release|Any CPU.Build.0 = Release|Any CPU
	EndGlobalSection
	GlobalSection(SolutionProperties) = preSolution
		HideSolutionNode = FALSE
	EndGlobalSection
	GlobalSection(ExtensibilityGlobals) = postSolution
		SolutionGuid = {DF5C40EE-01C6-45DD-A0CE-D50C969C099C}
	EndGlobalSection
EndGlobal
